
Microsoft Visual Studio Solution File, Format Version 12.00
# Visual Studio Version 17
VisualStudioVersion = 17.8.34330.188
MinimumVisualStudioVersion = 10.0.40219.1
Project("{2150E333-8FDC-42A3-9474-1A3956D46DE8}") = "src", "src", "{F3B7C994-4447-461A-A03C-415990343A2D}"
EndProject
Project("{2150E333-8FDC-42A3-9474-1A3956D46DE8}") = "Core", "Core", "{E4AFF07B-48D5-4A84-AE27-A0FC31C0B045}"
EndProject
Project("{2150E333-8FDC-42A3-9474-1A3956D46DE8}") = "Bussines", "Bussines", "{0AF1E059-EDC5-4E33-95E6-CDE5A6F62BB3}"
EndProject
Project("{2150E333-8FDC-42A3-9474-1A3956D46DE8}") = "CrossCuttingConcerns", "CrossCuttingConcerns", "{2075CAC5-5B5A-4914-A455-C6C1DCE397AB}"
EndProject
Project("{2150E333-8FDC-42A3-9474-1A3956D46DE8}") = "DataAccess", "DataAccess", "{A7B28D8D-A983-4AE2-929E-975DC36FE15F}"
EndProject
Project("{2150E333-8FDC-42A3-9474-1A3956D46DE8}") = "Domain", "Domain", "{C7715E62-1275-4F7C-BEF7-4868353A5E72}"
EndProject
Project("{2150E333-8FDC-42A3-9474-1A3956D46DE8}") = "Security", "Security", "{E40CF084-C0C8-424E-9699-F3F62A6EF8A9}"
EndProject
Project("{FAE04EC0-301F-11D3-BF4B-00C04F79EFBC}") = "NLayerArch.Project.Domain", "src\Domain\NLayerArch.Project.Domain\NLayerArch.Project.Domain.csproj", "{7B56BDE5-094E-4D7F-9C00-5AE35652CE30}"
EndProject
Project("{FAE04EC0-301F-11D3-BF4B-00C04F79EFBC}") = "NLayerArch.Project.DataAccess", "src\DataAccess\NLayerArch.Project.DataAccess\NLayerArch.Project.DataAccess.csproj", "{D8352DF5-21D8-4794-B390-5743D0004402}"
EndProject
Project("{FAE04EC0-301F-11D3-BF4B-00C04F79EFBC}") = "NLayerArch.Project.CrossCuttingConcerns", "src\CrossCuttingConcerns\NLayerArch.Project.CrossCuttingConcerns\NLayerArch.Project.CrossCuttingConcerns.csproj", "{751C1D49-28B8-48BC-BED0-C47F62E7F1B7}"
EndProject
Project("{2150E333-8FDC-42A3-9474-1A3956D46DE8}") = "WebAPI", "WebAPI", "{64D2D05C-34B9-4730-8187-772E386FB798}"
EndProject
Project("{FAE04EC0-301F-11D3-BF4B-00C04F79EFBC}") = "NLayerArch.Project.WebAPI", "src\WebAPI\NLayerArch.Project.WebAPI\NLayerArch.Project.WebAPI.csproj", "{BF446819-BAD6-4BCA-8563-0ACB54F3AE6C}"
EndProject
Project("{FAE04EC0-301F-11D3-BF4B-00C04F79EFBC}") = "NLayerArch.Project.Bussines", "src\Bussines\NLayerArch.Project.Bussines\NLayerArch.Project.Bussines.csproj", "{35F176F2-DA36-4214-AB90-73F29F6C5931}"
EndProject
Project("{FAE04EC0-301F-11D3-BF4B-00C04F79EFBC}") = "NLayerArch.Project.Security", "src\Security\NLayerArch.Project.Security\NLayerArch.Project.Security.csproj", "{59EF6363-60E5-432A-ADD3-6C1BAF9D1DCB}"
EndProject
Global
	GlobalSection(SolutionConfigurationPlatforms) = preSolution
		Debug|Any CPU = Debug|Any CPU
		Release|Any CPU = Release|Any CPU
	EndGlobalSection
	GlobalSection(ProjectConfigurationPlatforms) = postSolution
		{7B56BDE5-094E-4D7F-9C00-5AE35652CE30}.Debug|Any CPU.ActiveCfg = Debug|Any CPU
		{7B56BDE5-094E-4D7F-9C00-5AE35652CE30}.Debug|Any CPU.Build.0 = Debug|Any CPU
		{7B56BDE5-094E-4D7F-9C00-5AE35652CE30}.Release|Any CPU.ActiveCfg = Release|Any CPU
		{7B56BDE5-094E-4D7F-9C00-5AE35652CE30}.Release|Any CPU.Build.0 = Release|Any CPU
		{D8352DF5-21D8-4794-B390-5743D0004402}.Debug|Any CPU.ActiveCfg = Debug|Any CPU
		{D8352DF5-21D8-4794-B390-5743D0004402}.Debug|Any CPU.Build.0 = Debug|Any CPU
		{D8352DF5-21D8-4794-B390-5743D0004402}.Release|Any CPU.ActiveCfg = Release|Any CPU
		{D8352DF5-21D8-4794-B390-5743D0004402}.Release|Any CPU.Build.0 = Release|Any CPU
		{751C1D49-28B8-48BC-BED0-C47F62E7F1B7}.Debug|Any CPU.ActiveCfg = Debug|Any CPU
		{751C1D49-28B8-48BC-BED0-C47F62E7F1B7}.Debug|Any CPU.Build.0 = Debug|Any CPU
		{751C1D49-28B8-48BC-BED0-C47F62E7F1B7}.Release|Any CPU.ActiveCfg = Release|Any CPU
		{751C1D49-28B8-48BC-BED0-C47F62E7F1B7}.Release|Any CPU.Build.0 = Release|Any CPU
		{BF446819-BAD6-4BCA-8563-0ACB54F3AE6C}.Debug|Any CPU.ActiveCfg = Debug|Any CPU
		{BF446819-BAD6-4BCA-8563-0ACB54F3AE6C}.Debug|Any CPU.Build.0 = Debug|Any CPU
		{BF446819-BAD6-4BCA-8563-0ACB54F3AE6C}.Release|Any CPU.ActiveCfg = Release|Any CPU
		{BF446819-BAD6-4BCA-8563-0ACB54F3AE6C}.Release|Any CPU.Build.0 = Release|Any CPU
		{35F176F2-DA36-4214-AB90-73F29F6C5931}.Debug|Any CPU.ActiveCfg = Debug|Any CPU
		{35F176F2-DA36-4214-AB90-73F29F6C5931}.Debug|Any CPU.Build.0 = Debug|Any CPU
		{35F176F2-DA36-4214-AB90-73F29F6C5931}.Release|Any CPU.ActiveCfg = Release|Any CPU
		{35F176F2-DA36-4214-AB90-73F29F6C5931}.Release|Any CPU.Build.0 = Release|Any CPU
		{59EF6363-60E5-432A-ADD3-6C1BAF9D1DCB}.Debug|Any CPU.ActiveCfg = Debug|Any CPU
		{59EF6363-60E5-432A-ADD3-6C1BAF9D1DCB}.Debug|Any CPU.Build.0 = Debug|Any CPU
		{59EF6363-60E5-432A-ADD3-6C1BAF9D1DCB}.Release|Any CPU.ActiveCfg = Release|Any CPU
		{59EF6363-60E5-432A-ADD3-6C1BAF9D1DCB}.Release|Any CPU.Build.0 = Release|Any CPU
	EndGlobalSection
	GlobalSection(SolutionProperties) = preSolution
		HideSolutionNode = FALSE
	EndGlobalSection
	GlobalSection(NestedProjects) = preSolution
		{E4AFF07B-48D5-4A84-AE27-A0FC31C0B045} = {F3B7C994-4447-461A-A03C-415990343A2D}
		{0AF1E059-EDC5-4E33-95E6-CDE5A6F62BB3} = {F3B7C994-4447-461A-A03C-415990343A2D}
		{2075CAC5-5B5A-4914-A455-C6C1DCE397AB} = {F3B7C994-4447-461A-A03C-415990343A2D}
		{A7B28D8D-A983-4AE2-929E-975DC36FE15F} = {F3B7C994-4447-461A-A03C-415990343A2D}
		{C7715E62-1275-4F7C-BEF7-4868353A5E72} = {F3B7C994-4447-461A-A03C-415990343A2D}
		{E40CF084-C0C8-424E-9699-F3F62A6EF8A9} = {F3B7C994-4447-461A-A03C-415990343A2D}
		{7B56BDE5-094E-4D7F-9C00-5AE35652CE30} = {C7715E62-1275-4F7C-BEF7-4868353A5E72}
		{D8352DF5-21D8-4794-B390-5743D0004402} = {A7B28D8D-A983-4AE2-929E-975DC36FE15F}
		{751C1D49-28B8-48BC-BED0-C47F62E7F1B7} = {2075CAC5-5B5A-4914-A455-C6C1DCE397AB}
		{64D2D05C-34B9-4730-8187-772E386FB798} = {F3B7C994-4447-461A-A03C-415990343A2D}
		{BF446819-BAD6-4BCA-8563-0ACB54F3AE6C} = {64D2D05C-34B9-4730-8187-772E386FB798}
		{35F176F2-DA36-4214-AB90-73F29F6C5931} = {0AF1E059-EDC5-4E33-95E6-CDE5A6F62BB3}
		{59EF6363-60E5-432A-ADD3-6C1BAF9D1DCB} = {E40CF084-C0C8-424E-9699-F3F62A6EF8A9}
	EndGlobalSection
	GlobalSection(ExtensibilityGlobals) = postSolution
		SolutionGuid = {667D3126-52A6-41ED-AD6C-121452628886}
	EndGlobalSection
EndGlobal
